// !$*UTF8*$!
{
	archiveVersion = 1;
	classes = {
	};
	objectVersion = 46;
	objects = {

/* Begin PBXBuildFile section */
		0B26749E1E968DFF00698715 /* EXSearchTests.m in Sources */ = {isa = PBXBuildFile; fileRef = 0B26749D1E968DFF00698715 /* EXSearchTests.m */; };
		0B3261B51EFE58FA0008D0A4 /* BNItemInfo.m in Sources */ = {isa = PBXBuildFile; fileRef = 0B3261B41EFE58FA0008D0A4 /* BNItemInfo.m */; };
		0B3261B81EFE5A4F0008D0A4 /* BNUtils.m in Sources */ = {isa = PBXBuildFile; fileRef = 0B3261B71EFE5A4F0008D0A4 /* BNUtils.m */; };
		0B3261BB1EFE787F0008D0A4 /* BNItemSummaryInfo.m in Sources */ = {isa = PBXBuildFile; fileRef = 0B3261BA1EFE787F0008D0A4 /* BNItemSummaryInfo.m */; };
		0B99A9A21EE312BB0018564D /* EXRuntime.m in Sources */ = {isa = PBXBuildFile; fileRef = 0B99A9A11EE312BB0018564D /* EXRuntime.m */; };
		0B99A9A71EE31B860018564D /* red_packet_top.png in Resources */ = {isa = PBXBuildFile; fileRef = 0B99A9A61EE31B860018564D /* red_packet_top.png */; };
		0BA68DA51EDDCA620024EBDB /* EXCheckmarkGestureRecognizer.m in Sources */ = {isa = PBXBuildFile; fileRef = 0BA68DA41EDDCA620024EBDB /* EXCheckmarkGestureRecognizer.m */; };
		0BBB1D0D1F07722C001669FD /* SwiftyJSON.framework in Frameworks */ = {isa = PBXBuildFile; fileRef = 0BBB1D0B1F077212001669FD /* SwiftyJSON.framework */; };
		0BBB1D0E1F07722C001669FD /* SwiftyJSON.framework in Embed Frameworks */ = {isa = PBXBuildFile; fileRef = 0BBB1D0B1F077212001669FD /* SwiftyJSON.framework */; settings = {ATTRIBUTES = (CodeSignOnCopy, RemoveHeadersOnCopy, ); }; };
		0BBB1D101F077236001669FD /* Alamofire.framework in Frameworks */ = {isa = PBXBuildFile; fileRef = 0B280EC01EFEB4C6001590F7 /* Alamofire.framework */; };
		0BBB1D111F077236001669FD /* Alamofire.framework in Embed Frameworks */ = {isa = PBXBuildFile; fileRef = 0B280EC01EFEB4C6001590F7 /* Alamofire.framework */; settings = {ATTRIBUTES = (CodeSignOnCopy, RemoveHeadersOnCopy, ); }; };
		0BBB1D121F077239001669FD /* AlamofireSwiftyJSON.framework in Frameworks */ = {isa = PBXBuildFile; fileRef = 0B280EC21EFEB4D5001590F7 /* AlamofireSwiftyJSON.framework */; };
		0BBB1D131F077239001669FD /* AlamofireSwiftyJSON.framework in Embed Frameworks */ = {isa = PBXBuildFile; fileRef = 0B280EC21EFEB4D5001590F7 /* AlamofireSwiftyJSON.framework */; settings = {ATTRIBUTES = (CodeSignOnCopy, RemoveHeadersOnCopy, ); }; };
		0BC32D851E93F2F200963484 /* EXAlgorithmViewController.m in Sources */ = {isa = PBXBuildFile; fileRef = 0BC32D841E93F2F200963484 /* EXAlgorithmViewController.m */; };
		0BDEBF8A1EBF73D4007FB3EF /* EXSortedController.mm in Sources */ = {isa = PBXBuildFile; fileRef = 0BDEBF891EBF73D4007FB3EF /* EXSortedController.mm */; };
		2A2DBAA71E641334008C78AF /* AudioRecorderMemo.storyboard in Resources */ = {isa = PBXBuildFile; fileRef = 2A2DBA951E641334008C78AF /* AudioRecorderMemo.storyboard */; };
		2A2DBAA81E641334008C78AF /* AVToy.m in Sources */ = {isa = PBXBuildFile; fileRef = 2A2DBA971E641334008C78AF /* AVToy.m */; };
		2A2DBAA91E641334008C78AF /* EXAudioRecorderMemoViewController.m in Sources */ = {isa = PBXBuildFile; fileRef = 2A2DBA991E641334008C78AF /* EXAudioRecorderMemoViewController.m */; };
		2A2DBABD1E641356008C78AF /* THLevelMeterColorThreshold.m in Sources */ = {isa = PBXBuildFile; fileRef = 2A2DBAB21E641356008C78AF /* THLevelMeterColorThreshold.m */; };
		2A2DBABE1E641356008C78AF /* THLevelMeterView.m in Sources */ = {isa = PBXBuildFile; fileRef = 2A2DBAB41E641356008C78AF /* THLevelMeterView.m */; };
		2A2DBABF1E641356008C78AF /* THLevelPair.m in Sources */ = {isa = PBXBuildFile; fileRef = 2A2DBAB61E641356008C78AF /* THLevelPair.m */; };
		2A2DBAC01E641356008C78AF /* THMemo.m in Sources */ = {isa = PBXBuildFile; fileRef = 2A2DBAB81E641356008C78AF /* THMemo.m */; };
		2A2DBAC11E641356008C78AF /* THMemoCell.m in Sources */ = {isa = PBXBuildFile; fileRef = 2A2DBABA1E641356008C78AF /* THMemoCell.m */; };
		2A2DBAC21E641356008C78AF /* THMeterTable.m in Sources */ = {isa = PBXBuildFile; fileRef = 2A2DBABC1E641356008C78AF /* THMeterTable.m */; };
		2A2DBAD01E6425B6008C78AF /* THThumbnail.m in Sources */ = {isa = PBXBuildFile; fileRef = 2A2DBACE1E6425B6008C78AF /* THThumbnail.m */; };
		2A2DBAD61E64260F008C78AF /* EXRecorderController.m in Sources */ = {isa = PBXBuildFile; fileRef = 2A2DBAD51E64260F008C78AF /* EXRecorderController.m */; };
		2A2DBADF1E642659008C78AF /* EXPlayerView.m in Sources */ = {isa = PBXBuildFile; fileRef = 2A2DBAD91E642659008C78AF /* EXPlayerView.m */; };
		2A2DBAE01E642659008C78AF /* THFilmstripView.m in Sources */ = {isa = PBXBuildFile; fileRef = 2A2DBADB1E642659008C78AF /* THFilmstripView.m */; };
		2A2DBAE11E642659008C78AF /* THOverlayView.m in Sources */ = {isa = PBXBuildFile; fileRef = 2A2DBADD1E642659008C78AF /* THOverlayView.m */; };
		2A2DBAE21E642659008C78AF /* THOverlayView.xib in Resources */ = {isa = PBXBuildFile; fileRef = 2A2DBADE1E642659008C78AF /* THOverlayView.xib */; };
		2A2DBAE61E6426C8008C78AF /* THNotifications.m in Sources */ = {isa = PBXBuildFile; fileRef = 2A2DBAE51E6426C8008C78AF /* THNotifications.m */; };
		2A2DBAF01E642713008C78AF /* AVAsset+THAdditions.m in Sources */ = {isa = PBXBuildFile; fileRef = 2A2DBAE91E642713008C78AF /* AVAsset+THAdditions.m */; };
		2A2DBAF11E642713008C78AF /* NSTimer+Additions.m in Sources */ = {isa = PBXBuildFile; fileRef = 2A2DBAEB1E642713008C78AF /* NSTimer+Additions.m */; };
		2A2DBAF21E642713008C78AF /* UIAlertView+THAdditions.m in Sources */ = {isa = PBXBuildFile; fileRef = 2A2DBAED1E642713008C78AF /* UIAlertView+THAdditions.m */; };
		2A2DBAF31E642713008C78AF /* UIView+THAdditions.m in Sources */ = {isa = PBXBuildFile; fileRef = 2A2DBAEF1E642713008C78AF /* UIView+THAdditions.m */; };
		2A2DBAF81E642758008C78AF /* THSubtitleView.xib in Resources */ = {isa = PBXBuildFile; fileRef = 2A2DBAF51E642758008C78AF /* THSubtitleView.xib */; };
		2A2DBAF91E642758008C78AF /* THSubtitleViewController.m in Sources */ = {isa = PBXBuildFile; fileRef = 2A2DBAF71E642758008C78AF /* THSubtitleViewController.m */; };
		2A2DBAFF1E642873008C78AF /* EXFileUtils.m in Sources */ = {isa = PBXBuildFile; fileRef = 2A2DBAFC1E642873008C78AF /* EXFileUtils.m */; };
		2A2DBB001E642873008C78AF /* EXUtil.m in Sources */ = {isa = PBXBuildFile; fileRef = 2A2DBAFE1E642873008C78AF /* EXUtil.m */; };
		2A2DBB031E642B22008C78AF /* THPlayerController.m in Sources */ = {isa = PBXBuildFile; fileRef = 2A2DBB021E642B22008C78AF /* THPlayerController.m */; };
		2A2DBB061E6430D4008C78AF /* EXVideoPlayerViewController.m in Sources */ = {isa = PBXBuildFile; fileRef = 2A2DBB051E6430D4008C78AF /* EXVideoPlayerViewController.m */; };
		2A3E31551E8CB364006BE219 /* EXBaseViewController.m in Sources */ = {isa = PBXBuildFile; fileRef = 2A3E31541E8CB364006BE219 /* EXBaseViewController.m */; };
		2A3E31591E8CB497006BE219 /* EXUIKitViewController.m in Sources */ = {isa = PBXBuildFile; fileRef = 2A3E31571E8CB497006BE219 /* EXUIKitViewController.m */; };
		2A3E315C1E8CB4F6006BE219 /* EXUIKitMaster.storyboard in Resources */ = {isa = PBXBuildFile; fileRef = 2A3E315B1E8CB4F6006BE219 /* EXUIKitMaster.storyboard */; };
		2A3E31611E8CBBCE006BE219 /* Assets.xcassets in Resources */ = {isa = PBXBuildFile; fileRef = 2A3E315F1E8CBBCE006BE219 /* Assets.xcassets */; };
		2A3E31BA1E924956006BE219 /* hubblecast.m4v in Resources */ = {isa = PBXBuildFile; fileRef = 2A3E31B91E924956006BE219 /* hubblecast.m4v */; };
		2A4497A51F0DD328000F94BA /* EXCornerRadiusView.m in Sources */ = {isa = PBXBuildFile; fileRef = 2A4497A41F0DD328000F94BA /* EXCornerRadiusView.m */; };
		2A63FAD31E496D3C00DA75D3 /* music.mp3 in Resources */ = {isa = PBXBuildFile; fileRef = 2A63FAD21E496D3C00DA75D3 /* music.mp3 */; };
		2A7EE2A11CD887920028D67C /* ExcellentUI.bundle in Resources */ = {isa = PBXBuildFile; fileRef = 2A7EE29F1CD8876D0028D67C /* ExcellentUI.bundle */; };
		2AAAA11B1EC01BED001C6A84 /* EXSearchController.m in Sources */ = {isa = PBXBuildFile; fileRef = 2AAAA11A1EC01BED001C6A84 /* EXSearchController.m */; };
		2AAAA11D1EC023C8001C6A84 /* EXSortedTests.m in Sources */ = {isa = PBXBuildFile; fileRef = 2AAAA11C1EC023C8001C6A84 /* EXSortedTests.m */; };
		2AAAA1261EC04610001C6A84 /* EXSortedBaseController.m in Sources */ = {isa = PBXBuildFile; fileRef = 2AAAA1251EC04610001C6A84 /* EXSortedBaseController.m */; };
		2AAB463C1E28D0580072D903 /* Ray.png in Resources */ = {isa = PBXBuildFile; fileRef = 2AAB463B1E28D0580072D903 /* Ray.png */; };
		2AC982CF1E979C8400AF2342 /* NSArray+Additions.m in Sources */ = {isa = PBXBuildFile; fileRef = 2AC982CE1E979C8400AF2342 /* NSArray+Additions.m */; };
		2ACF2CDB1E9CBBE300636A14 /* CollectionTests.m in Sources */ = {isa = PBXBuildFile; fileRef = 2ACF2CDA1E9CBBE300636A14 /* CollectionTests.m */; };
		2ACF2CE31E9CBC3000636A14 /* EXNode.m in Sources */ = {isa = PBXBuildFile; fileRef = 2ACF2CDE1E9CBC3000636A14 /* EXNode.m */; };
		2ACF2CE41E9CBC3000636A14 /* EXQueue.m in Sources */ = {isa = PBXBuildFile; fileRef = 2ACF2CE01E9CBC3000636A14 /* EXQueue.m */; };
		2ACF2CE51E9CBC3000636A14 /* EXStack.m in Sources */ = {isa = PBXBuildFile; fileRef = 2ACF2CE21E9CBC3000636A14 /* EXStack.m */; };
		2ACF2CE81E9CDDD900636A14 /* EXDeque.m in Sources */ = {isa = PBXBuildFile; fileRef = 2ACF2CE71E9CDDD900636A14 /* EXDeque.m */; };
		2AD7E2E81CED61AE005BD065 /* gwdock.framework in Frameworks */ = {isa = PBXBuildFile; fileRef = 2AD7E2E71CED61AE005BD065 /* gwdock.framework */; };
		2ADFFC641CAAB663000C8C21 /* main.m in Sources */ = {isa = PBXBuildFile; fileRef = 2ADFFC631CAAB663000C8C21 /* main.m */; };
		2ADFFC671CAAB663000C8C21 /* AppDelegate.m in Sources */ = {isa = PBXBuildFile; fileRef = 2ADFFC661CAAB663000C8C21 /* AppDelegate.m */; };
		2ADFFC6A1CAAB663000C8C21 /* ViewController.m in Sources */ = {isa = PBXBuildFile; fileRef = 2ADFFC691CAAB663000C8C21 /* ViewController.m */; };
		2ADFFC6D1CAAB663000C8C21 /* Main.storyboard in Resources */ = {isa = PBXBuildFile; fileRef = 2ADFFC6B1CAAB663000C8C21 /* Main.storyboard */; };
		2ADFFC721CAAB663000C8C21 /* LaunchScreen.storyboard in Resources */ = {isa = PBXBuildFile; fileRef = 2ADFFC701CAAB663000C8C21 /* LaunchScreen.storyboard */; };
/* End PBXBuildFile section */

/* Begin PBXContainerItemProxy section */
		0B2674A01E968DFF00698715 /* PBXContainerItemProxy */ = {
			isa = PBXContainerItemProxy;
			containerPortal = 2ADFFC571CAAB662000C8C21 /* Project object */;
			proxyType = 1;
			remoteGlobalIDString = 2ADFFC5E1CAAB662000C8C21;
			remoteInfo = Excellent;
		};
/* End PBXContainerItemProxy section */

/* Begin PBXCopyFilesBuildPhase section */
		0BBB1D0F1F07722C001669FD /* Embed Frameworks */ = {
			isa = PBXCopyFilesBuildPhase;
			buildActionMask = 2147483647;
			dstPath = "";
			dstSubfolderSpec = 10;
			files = (
				0BBB1D0E1F07722C001669FD /* SwiftyJSON.framework in Embed Frameworks */,
				0BBB1D131F077239001669FD /* AlamofireSwiftyJSON.framework in Embed Frameworks */,
				0BBB1D111F077236001669FD /* Alamofire.framework in Embed Frameworks */,
			);
			name = "Embed Frameworks";
			runOnlyForDeploymentPostprocessing = 0;
		};
/* End PBXCopyFilesBuildPhase section */

/* Begin PBXFileReference section */
		0B26749B1E968DFF00698715 /* ExcellentTests.xctest */ = {isa = PBXFileReference; explicitFileType = wrapper.cfbundle; includeInIndex = 0; path = ExcellentTests.xctest; sourceTree = BUILT_PRODUCTS_DIR; };
		0B26749D1E968DFF00698715 /* EXSearchTests.m */ = {isa = PBXFileReference; lastKnownFileType = sourcecode.c.objc; path = EXSearchTests.m; sourceTree = "<group>"; };
		0B26749F1E968DFF00698715 /* Info.plist */ = {isa = PBXFileReference; lastKnownFileType = text.plist.xml; path = Info.plist; sourceTree = "<group>"; };
		0B280EC01EFEB4C6001590F7 /* Alamofire.framework */ = {isa = PBXFileReference; lastKnownFileType = wrapper.framework; name = Alamofire.framework; path = Carthage/Build/iOS/Alamofire.framework; sourceTree = SOURCE_ROOT; };
		0B280EC21EFEB4D5001590F7 /* AlamofireSwiftyJSON.framework */ = {isa = PBXFileReference; lastKnownFileType = wrapper.framework; name = AlamofireSwiftyJSON.framework; path = Carthage/Build/iOS/AlamofireSwiftyJSON.framework; sourceTree = SOURCE_ROOT; };
		0B3261B31EFE58FA0008D0A4 /* BNItemInfo.h */ = {isa = PBXFileReference; fileEncoding = 4; lastKnownFileType = sourcecode.c.h; path = BNItemInfo.h; sourceTree = "<group>"; };
		0B3261B41EFE58FA0008D0A4 /* BNItemInfo.m */ = {isa = PBXFileReference; fileEncoding = 4; lastKnownFileType = sourcecode.c.objc; path = BNItemInfo.m; sourceTree = "<group>"; };
		0B3261B61EFE5A4F0008D0A4 /* BNUtils.h */ = {isa = PBXFileReference; fileEncoding = 4; lastKnownFileType = sourcecode.c.h; path = BNUtils.h; sourceTree = "<group>"; };
		0B3261B71EFE5A4F0008D0A4 /* BNUtils.m */ = {isa = PBXFileReference; fileEncoding = 4; lastKnownFileType = sourcecode.c.objc; path = BNUtils.m; sourceTree = "<group>"; };
		0B3261B91EFE787F0008D0A4 /* BNItemSummaryInfo.h */ = {isa = PBXFileReference; fileEncoding = 4; lastKnownFileType = sourcecode.c.h; path = BNItemSummaryInfo.h; sourceTree = "<group>"; };
		0B3261BA1EFE787F0008D0A4 /* BNItemSummaryInfo.m */ = {isa = PBXFileReference; fileEncoding = 4; lastKnownFileType = sourcecode.c.objc; path = BNItemSummaryInfo.m; sourceTree = "<group>"; };
		0B99A9A01EE312BB0018564D /* EXRuntime.h */ = {isa = PBXFileReference; fileEncoding = 4; lastKnownFileType = sourcecode.c.h; path = EXRuntime.h; sourceTree = "<group>"; };
		0B99A9A11EE312BB0018564D /* EXRuntime.m */ = {isa = PBXFileReference; fileEncoding = 4; lastKnownFileType = sourcecode.c.objc; path = EXRuntime.m; sourceTree = "<group>"; };
		0B99A9A61EE31B860018564D /* red_packet_top.png */ = {isa = PBXFileReference; lastKnownFileType = image.png; path = red_packet_top.png; sourceTree = "<group>"; };
		0BA68DA31EDDCA620024EBDB /* EXCheckmarkGestureRecognizer.h */ = {isa = PBXFileReference; fileEncoding = 4; lastKnownFileType = sourcecode.c.h; path = EXCheckmarkGestureRecognizer.h; sourceTree = "<group>"; };
		0BA68DA41EDDCA620024EBDB /* EXCheckmarkGestureRecognizer.m */ = {isa = PBXFileReference; fileEncoding = 4; lastKnownFileType = sourcecode.c.objc; path = EXCheckmarkGestureRecognizer.m; sourceTree = "<group>"; };
		0BBB1D0B1F077212001669FD /* SwiftyJSON.framework */ = {isa = PBXFileReference; lastKnownFileType = wrapper.framework; name = SwiftyJSON.framework; path = Carthage/Build/iOS/SwiftyJSON.framework; sourceTree = SOURCE_ROOT; };
		0BC32D831E93F2F200963484 /* EXAlgorithmViewController.h */ = {isa = PBXFileReference; fileEncoding = 4; lastKnownFileType = sourcecode.c.h; path = EXAlgorithmViewController.h; sourceTree = "<group>"; };
		0BC32D841E93F2F200963484 /* EXAlgorithmViewController.m */ = {isa = PBXFileReference; fileEncoding = 4; lastKnownFileType = sourcecode.c.objc; path = EXAlgorithmViewController.m; sourceTree = "<group>"; };
		0BDEBF881EBF73D4007FB3EF /* EXSortedController.h */ = {isa = PBXFileReference; fileEncoding = 4; lastKnownFileType = sourcecode.c.h; path = EXSortedController.h; sourceTree = "<group>"; };
		0BDEBF891EBF73D4007FB3EF /* EXSortedController.mm */ = {isa = PBXFileReference; fileEncoding = 4; lastKnownFileType = sourcecode.cpp.objcpp; path = EXSortedController.mm; sourceTree = "<group>"; };
		2A2DBA951E641334008C78AF /* AudioRecorderMemo.storyboard */ = {isa = PBXFileReference; fileEncoding = 4; lastKnownFileType = file.storyboard; path = AudioRecorderMemo.storyboard; sourceTree = "<group>"; };
		2A2DBA961E641334008C78AF /* AVToy.h */ = {isa = PBXFileReference; fileEncoding = 4; lastKnownFileType = sourcecode.c.h; path = AVToy.h; sourceTree = "<group>"; };
		2A2DBA971E641334008C78AF /* AVToy.m */ = {isa = PBXFileReference; fileEncoding = 4; lastKnownFileType = sourcecode.c.objc; path = AVToy.m; sourceTree = "<group>"; };
		2A2DBA981E641334008C78AF /* EXAudioRecorderMemoViewController.h */ = {isa = PBXFileReference; fileEncoding = 4; lastKnownFileType = sourcecode.c.h; path = EXAudioRecorderMemoViewController.h; sourceTree = "<group>"; };
		2A2DBA991E641334008C78AF /* EXAudioRecorderMemoViewController.m */ = {isa = PBXFileReference; fileEncoding = 4; lastKnownFileType = sourcecode.c.objc; path = EXAudioRecorderMemoViewController.m; sourceTree = "<group>"; };
		2A2DBAB11E641356008C78AF /* THLevelMeterColorThreshold.h */ = {isa = PBXFileReference; fileEncoding = 4; lastKnownFileType = sourcecode.c.h; path = THLevelMeterColorThreshold.h; sourceTree = "<group>"; };
		2A2DBAB21E641356008C78AF /* THLevelMeterColorThreshold.m */ = {isa = PBXFileReference; fileEncoding = 4; lastKnownFileType = sourcecode.c.objc; path = THLevelMeterColorThreshold.m; sourceTree = "<group>"; };
		2A2DBAB31E641356008C78AF /* THLevelMeterView.h */ = {isa = PBXFileReference; fileEncoding = 4; lastKnownFileType = sourcecode.c.h; path = THLevelMeterView.h; sourceTree = "<group>"; };
		2A2DBAB41E641356008C78AF /* THLevelMeterView.m */ = {isa = PBXFileReference; fileEncoding = 4; lastKnownFileType = sourcecode.c.objc; path = THLevelMeterView.m; sourceTree = "<group>"; };
		2A2DBAB51E641356008C78AF /* THLevelPair.h */ = {isa = PBXFileReference; fileEncoding = 4; lastKnownFileType = sourcecode.c.h; path = THLevelPair.h; sourceTree = "<group>"; };
		2A2DBAB61E641356008C78AF /* THLevelPair.m */ = {isa = PBXFileReference; fileEncoding = 4; lastKnownFileType = sourcecode.c.objc; path = THLevelPair.m; sourceTree = "<group>"; };
		2A2DBAB71E641356008C78AF /* THMemo.h */ = {isa = PBXFileReference; fileEncoding = 4; lastKnownFileType = sourcecode.c.h; path = THMemo.h; sourceTree = "<group>"; };
		2A2DBAB81E641356008C78AF /* THMemo.m */ = {isa = PBXFileReference; fileEncoding = 4; lastKnownFileType = sourcecode.c.objc; path = THMemo.m; sourceTree = "<group>"; };
		2A2DBAB91E641356008C78AF /* THMemoCell.h */ = {isa = PBXFileReference; fileEncoding = 4; lastKnownFileType = sourcecode.c.h; path = THMemoCell.h; sourceTree = "<group>"; };
		2A2DBABA1E641356008C78AF /* THMemoCell.m */ = {isa = PBXFileReference; fileEncoding = 4; lastKnownFileType = sourcecode.c.objc; path = THMemoCell.m; sourceTree = "<group>"; };
		2A2DBABB1E641356008C78AF /* THMeterTable.h */ = {isa = PBXFileReference; fileEncoding = 4; lastKnownFileType = sourcecode.c.h; path = THMeterTable.h; sourceTree = "<group>"; };
		2A2DBABC1E641356008C78AF /* THMeterTable.m */ = {isa = PBXFileReference; fileEncoding = 4; lastKnownFileType = sourcecode.c.objc; path = THMeterTable.m; sourceTree = "<group>"; };
		2A2DBACD1E6425B6008C78AF /* THThumbnail.h */ = {isa = PBXFileReference; fileEncoding = 4; lastKnownFileType = sourcecode.c.h; path = THThumbnail.h; sourceTree = "<group>"; };
		2A2DBACE1E6425B6008C78AF /* THThumbnail.m */ = {isa = PBXFileReference; fileEncoding = 4; lastKnownFileType = sourcecode.c.objc; path = THThumbnail.m; sourceTree = "<group>"; };
		2A2DBACF1E6425B6008C78AF /* THTransport.h */ = {isa = PBXFileReference; fileEncoding = 4; lastKnownFileType = sourcecode.c.h; path = THTransport.h; sourceTree = "<group>"; };
		2A2DBAD41E64260F008C78AF /* EXRecorderController.h */ = {isa = PBXFileReference; fileEncoding = 4; lastKnownFileType = sourcecode.c.h; path = EXRecorderController.h; sourceTree = "<group>"; };
		2A2DBAD51E64260F008C78AF /* EXRecorderController.m */ = {isa = PBXFileReference; fileEncoding = 4; lastKnownFileType = sourcecode.c.objc; path = EXRecorderController.m; sourceTree = "<group>"; };
		2A2DBAD81E642659008C78AF /* EXPlayerView.h */ = {isa = PBXFileReference; fileEncoding = 4; lastKnownFileType = sourcecode.c.h; path = EXPlayerView.h; sourceTree = "<group>"; };
		2A2DBAD91E642659008C78AF /* EXPlayerView.m */ = {isa = PBXFileReference; fileEncoding = 4; lastKnownFileType = sourcecode.c.objc; path = EXPlayerView.m; sourceTree = "<group>"; };
		2A2DBADA1E642659008C78AF /* THFilmstripView.h */ = {isa = PBXFileReference; fileEncoding = 4; lastKnownFileType = sourcecode.c.h; path = THFilmstripView.h; sourceTree = "<group>"; };
		2A2DBADB1E642659008C78AF /* THFilmstripView.m */ = {isa = PBXFileReference; fileEncoding = 4; lastKnownFileType = sourcecode.c.objc; path = THFilmstripView.m; sourceTree = "<group>"; };
		2A2DBADC1E642659008C78AF /* THOverlayView.h */ = {isa = PBXFileReference; fileEncoding = 4; lastKnownFileType = sourcecode.c.h; path = THOverlayView.h; sourceTree = "<group>"; };
		2A2DBADD1E642659008C78AF /* THOverlayView.m */ = {isa = PBXFileReference; fileEncoding = 4; lastKnownFileType = sourcecode.c.objc; path = THOverlayView.m; sourceTree = "<group>"; };
		2A2DBADE1E642659008C78AF /* THOverlayView.xib */ = {isa = PBXFileReference; fileEncoding = 4; lastKnownFileType = file.xib; path = THOverlayView.xib; sourceTree = "<group>"; };
		2A2DBAE41E6426C8008C78AF /* THNotifications.h */ = {isa = PBXFileReference; fileEncoding = 4; lastKnownFileType = sourcecode.c.h; path = THNotifications.h; sourceTree = "<group>"; };
		2A2DBAE51E6426C8008C78AF /* THNotifications.m */ = {isa = PBXFileReference; fileEncoding = 4; lastKnownFileType = sourcecode.c.objc; path = THNotifications.m; sourceTree = "<group>"; };
		2A2DBAE81E642713008C78AF /* AVAsset+THAdditions.h */ = {isa = PBXFileReference; fileEncoding = 4; lastKnownFileType = sourcecode.c.h; path = "AVAsset+THAdditions.h"; sourceTree = "<group>"; };
		2A2DBAE91E642713008C78AF /* AVAsset+THAdditions.m */ = {isa = PBXFileReference; fileEncoding = 4; lastKnownFileType = sourcecode.c.objc; path = "AVAsset+THAdditions.m"; sourceTree = "<group>"; };
		2A2DBAEA1E642713008C78AF /* NSTimer+Additions.h */ = {isa = PBXFileReference; fileEncoding = 4; lastKnownFileType = sourcecode.c.h; path = "NSTimer+Additions.h"; sourceTree = "<group>"; };
		2A2DBAEB1E642713008C78AF /* NSTimer+Additions.m */ = {isa = PBXFileReference; fileEncoding = 4; lastKnownFileType = sourcecode.c.objc; path = "NSTimer+Additions.m"; sourceTree = "<group>"; };
		2A2DBAEC1E642713008C78AF /* UIAlertView+THAdditions.h */ = {isa = PBXFileReference; fileEncoding = 4; lastKnownFileType = sourcecode.c.h; path = "UIAlertView+THAdditions.h"; sourceTree = "<group>"; };
		2A2DBAED1E642713008C78AF /* UIAlertView+THAdditions.m */ = {isa = PBXFileReference; fileEncoding = 4; lastKnownFileType = sourcecode.c.objc; path = "UIAlertView+THAdditions.m"; sourceTree = "<group>"; };
		2A2DBAEE1E642713008C78AF /* UIView+THAdditions.h */ = {isa = PBXFileReference; fileEncoding = 4; lastKnownFileType = sourcecode.c.h; path = "UIView+THAdditions.h"; sourceTree = "<group>"; };
		2A2DBAEF1E642713008C78AF /* UIView+THAdditions.m */ = {isa = PBXFileReference; fileEncoding = 4; lastKnownFileType = sourcecode.c.objc; path = "UIView+THAdditions.m"; sourceTree = "<group>"; };
		2A2DBAF51E642758008C78AF /* THSubtitleView.xib */ = {isa = PBXFileReference; fileEncoding = 4; lastKnownFileType = file.xib; path = THSubtitleView.xib; sourceTree = "<group>"; };
		2A2DBAF61E642758008C78AF /* THSubtitleViewController.h */ = {isa = PBXFileReference; fileEncoding = 4; lastKnownFileType = sourcecode.c.h; path = THSubtitleViewController.h; sourceTree = "<group>"; };
		2A2DBAF71E642758008C78AF /* THSubtitleViewController.m */ = {isa = PBXFileReference; fileEncoding = 4; lastKnownFileType = sourcecode.c.objc; path = THSubtitleViewController.m; sourceTree = "<group>"; };
		2A2DBAFB1E642873008C78AF /* EXFileUtils.h */ = {isa = PBXFileReference; fileEncoding = 4; lastKnownFileType = sourcecode.c.h; path = EXFileUtils.h; sourceTree = "<group>"; };
		2A2DBAFC1E642873008C78AF /* EXFileUtils.m */ = {isa = PBXFileReference; fileEncoding = 4; lastKnownFileType = sourcecode.c.objc; path = EXFileUtils.m; sourceTree = "<group>"; };
		2A2DBAFD1E642873008C78AF /* EXUtil.h */ = {isa = PBXFileReference; fileEncoding = 4; lastKnownFileType = sourcecode.c.h; path = EXUtil.h; sourceTree = "<group>"; };
		2A2DBAFE1E642873008C78AF /* EXUtil.m */ = {isa = PBXFileReference; fileEncoding = 4; lastKnownFileType = sourcecode.c.objc; path = EXUtil.m; sourceTree = "<group>"; };
		2A2DBB011E642B22008C78AF /* THPlayerController.h */ = {isa = PBXFileReference; fileEncoding = 4; lastKnownFileType = sourcecode.c.h; path = THPlayerController.h; sourceTree = "<group>"; };
		2A2DBB021E642B22008C78AF /* THPlayerController.m */ = {isa = PBXFileReference; fileEncoding = 4; lastKnownFileType = sourcecode.c.objc; path = THPlayerController.m; sourceTree = "<group>"; };
		2A2DBB041E6430D4008C78AF /* EXVideoPlayerViewController.h */ = {isa = PBXFileReference; fileEncoding = 4; lastKnownFileType = sourcecode.c.h; path = EXVideoPlayerViewController.h; sourceTree = "<group>"; };
		2A2DBB051E6430D4008C78AF /* EXVideoPlayerViewController.m */ = {isa = PBXFileReference; fileEncoding = 4; lastKnownFileType = sourcecode.c.objc; path = EXVideoPlayerViewController.m; sourceTree = "<group>"; };
		2A3E31531E8CB364006BE219 /* EXBaseViewController.h */ = {isa = PBXFileReference; fileEncoding = 4; lastKnownFileType = sourcecode.c.h; path = EXBaseViewController.h; sourceTree = "<group>"; };
		2A3E31541E8CB364006BE219 /* EXBaseViewController.m */ = {isa = PBXFileReference; fileEncoding = 4; lastKnownFileType = sourcecode.c.objc; path = EXBaseViewController.m; sourceTree = "<group>"; };
		2A3E31561E8CB497006BE219 /* EXUIKitViewController.h */ = {isa = PBXFileReference; fileEncoding = 4; lastKnownFileType = sourcecode.c.h; path = EXUIKitViewController.h; sourceTree = "<group>"; };
		2A3E31571E8CB497006BE219 /* EXUIKitViewController.m */ = {isa = PBXFileReference; fileEncoding = 4; lastKnownFileType = sourcecode.c.objc; path = EXUIKitViewController.m; sourceTree = "<group>"; };
		2A3E315B1E8CB4F6006BE219 /* EXUIKitMaster.storyboard */ = {isa = PBXFileReference; fileEncoding = 4; lastKnownFileType = file.storyboard; path = EXUIKitMaster.storyboard; sourceTree = "<group>"; };
		2A3E315F1E8CBBCE006BE219 /* Assets.xcassets */ = {isa = PBXFileReference; lastKnownFileType = folder.assetcatalog; path = Assets.xcassets; sourceTree = "<group>"; };
		2A3E31B91E924956006BE219 /* hubblecast.m4v */ = {isa = PBXFileReference; lastKnownFileType = file; path = hubblecast.m4v; sourceTree = "<group>"; };
		2A4497A31F0DD328000F94BA /* EXCornerRadiusView.h */ = {isa = PBXFileReference; fileEncoding = 4; lastKnownFileType = sourcecode.c.h; path = EXCornerRadiusView.h; sourceTree = "<group>"; };
		2A4497A41F0DD328000F94BA /* EXCornerRadiusView.m */ = {isa = PBXFileReference; fileEncoding = 4; lastKnownFileType = sourcecode.c.objc; path = EXCornerRadiusView.m; sourceTree = "<group>"; };
		2A53074F1CAABAF900B63205 /* ExGlobal.h */ = {isa = PBXFileReference; fileEncoding = 4; lastKnownFileType = sourcecode.c.h; path = ExGlobal.h; sourceTree = "<group>"; };
		2A63FAD21E496D3C00DA75D3 /* music.mp3 */ = {isa = PBXFileReference; lastKnownFileType = audio.mp3; path = music.mp3; sourceTree = "<group>"; };
		2A7EE2881CD87D800028D67C /* Pods.framework */ = {isa = PBXFileReference; lastKnownFileType = wrapper.framework; name = Pods.framework; path = "Pods/../build/Debug-iphoneos/Pods.framework"; sourceTree = SOURCE_ROOT; };
		2A7EE2921CD8835F0028D67C /* Info.plist */ = {isa = PBXFileReference; lastKnownFileType = text.plist.xml; path = Info.plist; sourceTree = "<group>"; };
		2A7EE29F1CD8876D0028D67C /* ExcellentUI.bundle */ = {isa = PBXFileReference; lastKnownFileType = "wrapper.plug-in"; path = ExcellentUI.bundle; sourceTree = "<group>"; };
		2AAAA1191EC01BED001C6A84 /* EXSearchController.h */ = {isa = PBXFileReference; fileEncoding = 4; lastKnownFileType = sourcecode.c.h; path = EXSearchController.h; sourceTree = "<group>"; };
		2AAAA11A1EC01BED001C6A84 /* EXSearchController.m */ = {isa = PBXFileReference; fileEncoding = 4; lastKnownFileType = sourcecode.c.objc; path = EXSearchController.m; sourceTree = "<group>"; };
		2AAAA11C1EC023C8001C6A84 /* EXSortedTests.m */ = {isa = PBXFileReference; fileEncoding = 4; lastKnownFileType = sourcecode.c.objc; path = EXSortedTests.m; sourceTree = "<group>"; };
		2AAAA1241EC04610001C6A84 /* EXSortedBaseController.h */ = {isa = PBXFileReference; fileEncoding = 4; lastKnownFileType = sourcecode.c.h; path = EXSortedBaseController.h; sourceTree = "<group>"; };
		2AAAA1251EC04610001C6A84 /* EXSortedBaseController.m */ = {isa = PBXFileReference; fileEncoding = 4; lastKnownFileType = sourcecode.c.objc; path = EXSortedBaseController.m; sourceTree = "<group>"; };
		2AAB463B1E28D0580072D903 /* Ray.png */ = {isa = PBXFileReference; lastKnownFileType = image.png; path = Ray.png; sourceTree = "<group>"; };
		2AAB46DB1E2E33C20072D903 /* zh-Hans */ = {isa = PBXFileReference; lastKnownFileType = text.plist.strings; name = "zh-Hans"; path = "zh-Hans.lproj/Main.strings"; sourceTree = "<group>"; };
		2AAB46DC1E2E33C20072D903 /* zh-Hans */ = {isa = PBXFileReference; lastKnownFileType = text.plist.strings; name = "zh-Hans"; path = "zh-Hans.lproj/LaunchScreen.strings"; sourceTree = "<group>"; };
		2AC982CD1E979C8400AF2342 /* NSArray+Additions.h */ = {isa = PBXFileReference; fileEncoding = 4; lastKnownFileType = sourcecode.c.h; path = "NSArray+Additions.h"; sourceTree = "<group>"; };
		2AC982CE1E979C8400AF2342 /* NSArray+Additions.m */ = {isa = PBXFileReference; fileEncoding = 4; lastKnownFileType = sourcecode.c.objc; path = "NSArray+Additions.m"; sourceTree = "<group>"; };
		2ACF2CDA1E9CBBE300636A14 /* CollectionTests.m */ = {isa = PBXFileReference; fileEncoding = 4; lastKnownFileType = sourcecode.c.objc; path = CollectionTests.m; sourceTree = "<group>"; };
		2ACF2CDD1E9CBC3000636A14 /* EXNode.h */ = {isa = PBXFileReference; fileEncoding = 4; lastKnownFileType = sourcecode.c.h; path = EXNode.h; sourceTree = "<group>"; };
		2ACF2CDE1E9CBC3000636A14 /* EXNode.m */ = {isa = PBXFileReference; fileEncoding = 4; lastKnownFileType = sourcecode.c.objc; path = EXNode.m; sourceTree = "<group>"; };
		2ACF2CDF1E9CBC3000636A14 /* EXQueue.h */ = {isa = PBXFileReference; fileEncoding = 4; lastKnownFileType = sourcecode.c.h; path = EXQueue.h; sourceTree = "<group>"; };
		2ACF2CE01E9CBC3000636A14 /* EXQueue.m */ = {isa = PBXFileReference; fileEncoding = 4; lastKnownFileType = sourcecode.c.objc; path = EXQueue.m; sourceTree = "<group>"; };
		2ACF2CE11E9CBC3000636A14 /* EXStack.h */ = {isa = PBXFileReference; fileEncoding = 4; lastKnownFileType = sourcecode.c.h; path = EXStack.h; sourceTree = "<group>"; };
		2ACF2CE21E9CBC3000636A14 /* EXStack.m */ = {isa = PBXFileReference; fileEncoding = 4; lastKnownFileType = sourcecode.c.objc; path = EXStack.m; sourceTree = "<group>"; };
		2ACF2CE61E9CDDD900636A14 /* EXDeque.h */ = {isa = PBXFileReference; fileEncoding = 4; lastKnownFileType = sourcecode.c.h; path = EXDeque.h; sourceTree = "<group>"; };
		2ACF2CE71E9CDDD900636A14 /* EXDeque.m */ = {isa = PBXFileReference; fileEncoding = 4; lastKnownFileType = sourcecode.c.objc; path = EXDeque.m; sourceTree = "<group>"; };
		2AD7E2E71CED61AE005BD065 /* gwdock.framework */ = {isa = PBXFileReference; lastKnownFileType = wrapper.framework; path = gwdock.framework; sourceTree = "<group>"; };
		2ADFFC5F1CAAB662000C8C21 /* Excellent.app */ = {isa = PBXFileReference; explicitFileType = wrapper.application; includeInIndex = 0; path = Excellent.app; sourceTree = BUILT_PRODUCTS_DIR; };
		2ADFFC631CAAB663000C8C21 /* main.m */ = {isa = PBXFileReference; lastKnownFileType = sourcecode.c.objc; path = main.m; sourceTree = "<group>"; };
		2ADFFC651CAAB663000C8C21 /* AppDelegate.h */ = {isa = PBXFileReference; lastKnownFileType = sourcecode.c.h; path = AppDelegate.h; sourceTree = "<group>"; };
		2ADFFC661CAAB663000C8C21 /* AppDelegate.m */ = {isa = PBXFileReference; lastKnownFileType = sourcecode.c.objc; path = AppDelegate.m; sourceTree = "<group>"; };
		2ADFFC681CAAB663000C8C21 /* ViewController.h */ = {isa = PBXFileReference; lastKnownFileType = sourcecode.c.h; path = ViewController.h; sourceTree = "<group>"; };
		2ADFFC691CAAB663000C8C21 /* ViewController.m */ = {isa = PBXFileReference; lastKnownFileType = sourcecode.c.objc; path = ViewController.m; sourceTree = "<group>"; };
		2ADFFC6C1CAAB663000C8C21 /* Base */ = {isa = PBXFileReference; lastKnownFileType = file.storyboard; name = Base; path = Base.lproj/Main.storyboard; sourceTree = "<group>"; };
		2ADFFC711CAAB663000C8C21 /* Base */ = {isa = PBXFileReference; lastKnownFileType = file.storyboard; name = Base; path = Base.lproj/LaunchScreen.storyboard; sourceTree = "<group>"; };
		2ADFFC731CAAB663000C8C21 /* Info.plist */ = {isa = PBXFileReference; lastKnownFileType = text.plist.xml; path = Info.plist; sourceTree = "<group>"; };
		B343AE0B1CB816F8000BF86F /* Excellent.pch */ = {isa = PBXFileReference; fileEncoding = 4; lastKnownFileType = sourcecode.c.h; path = Excellent.pch; sourceTree = "<group>"; };
		BD66AF2CEC700E1A08022F8A /* Pods.framework */ = {isa = PBXFileReference; explicitFileType = wrapper.framework; includeInIndex = 0; path = Pods.framework; sourceTree = BUILT_PRODUCTS_DIR; };
/* End PBXFileReference section */

/* Begin PBXFrameworksBuildPhase section */
		0B2674981E968DFF00698715 /* Frameworks */ = {
			isa = PBXFrameworksBuildPhase;
			buildActionMask = 2147483647;
			files = (
			);
			runOnlyForDeploymentPostprocessing = 0;
		};
		2ADFFC5C1CAAB662000C8C21 /* Frameworks */ = {
			isa = PBXFrameworksBuildPhase;
			buildActionMask = 2147483647;
			files = (
				2AD7E2E81CED61AE005BD065 /* gwdock.framework in Frameworks */,
				0BBB1D121F077239001669FD /* AlamofireSwiftyJSON.framework in Frameworks */,
				0BBB1D101F077236001669FD /* Alamofire.framework in Frameworks */,
				0BBB1D0D1F07722C001669FD /* SwiftyJSON.framework in Frameworks */,
			);
			runOnlyForDeploymentPostprocessing = 0;
		};
/* End PBXFrameworksBuildPhase section */

/* Begin PBXGroup section */
		0B26749C1E968DFF00698715 /* ExcellentTests */ = {
			isa = PBXGroup;
			children = (
				0B26749D1E968DFF00698715 /* EXSearchTests.m */,
				2AAAA11C1EC023C8001C6A84 /* EXSortedTests.m */,
				2ACF2CDA1E9CBBE300636A14 /* CollectionTests.m */,
				0B26749F1E968DFF00698715 /* Info.plist */,
			);
			path = ExcellentTests;
			sourceTree = "<group>";
		};
		0B3261B21EFE58950008D0A4 /* Bnade */ = {
			isa = PBXGroup;
			children = (
				0B3261B31EFE58FA0008D0A4 /* BNItemInfo.h */,
				0B3261B41EFE58FA0008D0A4 /* BNItemInfo.m */,
				0B3261B91EFE787F0008D0A4 /* BNItemSummaryInfo.h */,
				0B3261BA1EFE787F0008D0A4 /* BNItemSummaryInfo.m */,
				0B3261B61EFE5A4F0008D0A4 /* BNUtils.h */,
				0B3261B71EFE5A4F0008D0A4 /* BNUtils.m */,
			);
			path = Bnade;
			sourceTree = "<group>";
		};
		0B99A9901EE30B3B0018564D /* CornerRadius */ = {
			isa = PBXGroup;
			children = (
				2A4497A31F0DD328000F94BA /* EXCornerRadiusView.h */,
				2A4497A41F0DD328000F94BA /* EXCornerRadiusView.m */,
			);
			path = CornerRadius;
			sourceTree = "<group>";
		};
		0BA68DA21EDDCA140024EBDB /* Gesture */ = {
			isa = PBXGroup;
			children = (
				0BA68DA31EDDCA620024EBDB /* EXCheckmarkGestureRecognizer.h */,
				0BA68DA41EDDCA620024EBDB /* EXCheckmarkGestureRecognizer.m */,
			);
			path = Gesture;
			sourceTree = "<group>";
		};
		0BC32D821E93F2E000963484 /* Algorithm */ = {
			isa = PBXGroup;
			children = (
				0BC32D831E93F2F200963484 /* EXAlgorithmViewController.h */,
				0BC32D841E93F2F200963484 /* EXAlgorithmViewController.m */,
				2AAAA1191EC01BED001C6A84 /* EXSearchController.h */,
				2AAAA11A1EC01BED001C6A84 /* EXSearchController.m */,
				2AAAA1241EC04610001C6A84 /* EXSortedBaseController.h */,
				2AAAA1251EC04610001C6A84 /* EXSortedBaseController.m */,
				0BDEBF881EBF73D4007FB3EF /* EXSortedController.h */,
				0BDEBF891EBF73D4007FB3EF /* EXSortedController.mm */,
			);
			path = Algorithm;
			sourceTree = "<group>";
		};
		2A2DBA941E641334008C78AF /* Audio */ = {
			isa = PBXGroup;
			children = (
				2A2DBAB01E641356008C78AF /* THMeter */,
				2A2DBA961E641334008C78AF /* AVToy.h */,
				2A2DBA971E641334008C78AF /* AVToy.m */,
				2A2DBAD41E64260F008C78AF /* EXRecorderController.h */,
				2A2DBAD51E64260F008C78AF /* EXRecorderController.m */,
				2A2DBA981E641334008C78AF /* EXAudioRecorderMemoViewController.h */,
				2A2DBA991E641334008C78AF /* EXAudioRecorderMemoViewController.m */,
				2A2DBA951E641334008C78AF /* AudioRecorderMemo.storyboard */,
			);
			name = Audio;
			path = AVFoundation/Audio;
			sourceTree = "<group>";
		};
		2A2DBAB01E641356008C78AF /* THMeter */ = {
			isa = PBXGroup;
			children = (
				2A2DBAB11E641356008C78AF /* THLevelMeterColorThreshold.h */,
				2A2DBAB21E641356008C78AF /* THLevelMeterColorThreshold.m */,
				2A2DBAB31E641356008C78AF /* THLevelMeterView.h */,
				2A2DBAB41E641356008C78AF /* THLevelMeterView.m */,
				2A2DBAB51E641356008C78AF /* THLevelPair.h */,
				2A2DBAB61E641356008C78AF /* THLevelPair.m */,
				2A2DBAB71E641356008C78AF /* THMemo.h */,
				2A2DBAB81E641356008C78AF /* THMemo.m */,
				2A2DBAB91E641356008C78AF /* THMemoCell.h */,
				2A2DBABA1E641356008C78AF /* THMemoCell.m */,
				2A2DBABB1E641356008C78AF /* THMeterTable.h */,
				2A2DBABC1E641356008C78AF /* THMeterTable.m */,
			);
			path = THMeter;
			sourceTree = "<group>";
		};
		2A2DBAC31E641379008C78AF /* Video */ = {
			isa = PBXGroup;
			children = (
				2A2DBAF41E642758008C78AF /* Controller */,
				2A2DBAD71E642659008C78AF /* View */,
				2A2DBACC1E6425B6008C78AF /* Model */,
			);
			name = Video;
			path = AVFoundation/Video;
			sourceTree = "<group>";
		};
		2A2DBACC1E6425B6008C78AF /* Model */ = {
			isa = PBXGroup;
			children = (
				2A2DBACD1E6425B6008C78AF /* THThumbnail.h */,
				2A2DBACE1E6425B6008C78AF /* THThumbnail.m */,
				2A2DBACF1E6425B6008C78AF /* THTransport.h */,
			);
			path = Model;
			sourceTree = "<group>";
		};
		2A2DBAD71E642659008C78AF /* View */ = {
			isa = PBXGroup;
			children = (
				2A2DBAD81E642659008C78AF /* EXPlayerView.h */,
				2A2DBAD91E642659008C78AF /* EXPlayerView.m */,
				2A2DBADA1E642659008C78AF /* THFilmstripView.h */,
				2A2DBADB1E642659008C78AF /* THFilmstripView.m */,
				2A2DBADC1E642659008C78AF /* THOverlayView.h */,
				2A2DBADD1E642659008C78AF /* THOverlayView.m */,
				2A2DBADE1E642659008C78AF /* THOverlayView.xib */,
			);
			path = View;
			sourceTree = "<group>";
		};
		2A2DBAE31E6426C8008C78AF /* Notification */ = {
			isa = PBXGroup;
			children = (
				2A2DBAE41E6426C8008C78AF /* THNotifications.h */,
				2A2DBAE51E6426C8008C78AF /* THNotifications.m */,
			);
			path = Notification;
			sourceTree = "<group>";
		};
		2A2DBAE71E642713008C78AF /* Categories */ = {
			isa = PBXGroup;
			children = (
				2A2DBAE81E642713008C78AF /* AVAsset+THAdditions.h */,
				2A2DBAE91E642713008C78AF /* AVAsset+THAdditions.m */,
				2A2DBAEA1E642713008C78AF /* NSTimer+Additions.h */,
				2A2DBAEB1E642713008C78AF /* NSTimer+Additions.m */,
				2A2DBAEC1E642713008C78AF /* UIAlertView+THAdditions.h */,
				2A2DBAED1E642713008C78AF /* UIAlertView+THAdditions.m */,
				2A2DBAEE1E642713008C78AF /* UIView+THAdditions.h */,
				2A2DBAEF1E642713008C78AF /* UIView+THAdditions.m */,
				2AC982CD1E979C8400AF2342 /* NSArray+Additions.h */,
				2AC982CE1E979C8400AF2342 /* NSArray+Additions.m */,
			);
			path = Categories;
			sourceTree = "<group>";
		};
		2A2DBAF41E642758008C78AF /* Controller */ = {
			isa = PBXGroup;
			children = (
				2A2DBB041E6430D4008C78AF /* EXVideoPlayerViewController.h */,
				2A2DBB051E6430D4008C78AF /* EXVideoPlayerViewController.m */,
				2A2DBB011E642B22008C78AF /* THPlayerController.h */,
				2A2DBB021E642B22008C78AF /* THPlayerController.m */,
				2A2DBAF61E642758008C78AF /* THSubtitleViewController.h */,
				2A2DBAF71E642758008C78AF /* THSubtitleViewController.m */,
				2A2DBAF51E642758008C78AF /* THSubtitleView.xib */,
			);
			path = Controller;
			sourceTree = "<group>";
		};
		2A2DBAFA1E642873008C78AF /* Utils */ = {
			isa = PBXGroup;
			children = (
				2A2DBAFB1E642873008C78AF /* EXFileUtils.h */,
				2A2DBAFC1E642873008C78AF /* EXFileUtils.m */,
				2A2DBAFD1E642873008C78AF /* EXUtil.h */,
				2A2DBAFE1E642873008C78AF /* EXUtil.m */,
				0B99A9A01EE312BB0018564D /* EXRuntime.h */,
				0B99A9A11EE312BB0018564D /* EXRuntime.m */,
			);
			path = Utils;
			sourceTree = "<group>";
		};
		2A3E314F1E8CB2CE006BE219 /* UIKit */ = {
			isa = PBXGroup;
			children = (
				0BA68DA21EDDCA140024EBDB /* Gesture */,
				0B99A9901EE30B3B0018564D /* CornerRadius */,
				2A3E31561E8CB497006BE219 /* EXUIKitViewController.h */,
				2A3E31571E8CB497006BE219 /* EXUIKitViewController.m */,
				2A3E315B1E8CB4F6006BE219 /* EXUIKitMaster.storyboard */,
			);
			path = UIKit;
			sourceTree = "<group>";
		};
		2A53074E1CAABABA00B63205 /* Macro */ = {
			isa = PBXGroup;
			children = (
				2A53074F1CAABAF900B63205 /* ExGlobal.h */,
			);
			path = Macro;
			sourceTree = "<group>";
		};
		2A63FAD41E49773600DA75D3 /* AVFoundation */ = {
			isa = PBXGroup;
			children = (
				2A2DBAC31E641379008C78AF /* Video */,
				2A2DBA941E641334008C78AF /* Audio */,
			);
			name = AVFoundation;
			sourceTree = "<group>";
		};
		2A7EE2471CD8441F0028D67C /* Frameworks */ = {
			isa = PBXGroup;
			children = (
				0BBB1D0B1F077212001669FD /* SwiftyJSON.framework */,
				0B280EC21EFEB4D5001590F7 /* AlamofireSwiftyJSON.framework */,
				0B280EC01EFEB4C6001590F7 /* Alamofire.framework */,
				2A7EE2881CD87D800028D67C /* Pods.framework */,
				2AD7E2E71CED61AE005BD065 /* gwdock.framework */,
				BD66AF2CEC700E1A08022F8A /* Pods.framework */,
			);
			path = Frameworks;
			sourceTree = "<group>";
		};
		2A7EE2911CD8835F0028D67C /* ExcellentUIResources */ = {
			isa = PBXGroup;
			children = (
				2A7EE2921CD8835F0028D67C /* Info.plist */,
			);
			path = ExcellentUIResources;
			sourceTree = "<group>";
		};
		2A7EE29E1CD8876D0028D67C /* Resources */ = {
			isa = PBXGroup;
			children = (
				2A3E315F1E8CBBCE006BE219 /* Assets.xcassets */,
				2A3E31B91E924956006BE219 /* hubblecast.m4v */,
				2A63FAD21E496D3C00DA75D3 /* music.mp3 */,
				2AAB463B1E28D0580072D903 /* Ray.png */,
				0B99A9A61EE31B860018564D /* red_packet_top.png */,
				2A7EE29F1CD8876D0028D67C /* ExcellentUI.bundle */,
			);
			path = Resources;
			sourceTree = "<group>";
		};
		2ACF2CDC1E9CBC3000636A14 /* ADT */ = {
			isa = PBXGroup;
			children = (
				2ACF2CDD1E9CBC3000636A14 /* EXNode.h */,
				2ACF2CDE1E9CBC3000636A14 /* EXNode.m */,
				2ACF2CDF1E9CBC3000636A14 /* EXQueue.h */,
				2ACF2CE01E9CBC3000636A14 /* EXQueue.m */,
				2ACF2CE11E9CBC3000636A14 /* EXStack.h */,
				2ACF2CE21E9CBC3000636A14 /* EXStack.m */,
				2ACF2CE61E9CDDD900636A14 /* EXDeque.h */,
				2ACF2CE71E9CDDD900636A14 /* EXDeque.m */,
			);
			path = ADT;
			sourceTree = "<group>";
		};
		2ADFFC561CAAB662000C8C21 = {
			isa = PBXGroup;
			children = (
				2ADFFC611CAAB663000C8C21 /* Excellent */,
				2A7EE2911CD8835F0028D67C /* ExcellentUIResources */,
				0B26749C1E968DFF00698715 /* ExcellentTests */,
				2A7EE2471CD8441F0028D67C /* Frameworks */,
				2ADFFC601CAAB662000C8C21 /* Products */,
			);
			sourceTree = "<group>";
		};
		2ADFFC601CAAB662000C8C21 /* Products */ = {
			isa = PBXGroup;
			children = (
				2ADFFC5F1CAAB662000C8C21 /* Excellent.app */,
				0B26749B1E968DFF00698715 /* ExcellentTests.xctest */,
			);
			name = Products;
			sourceTree = "<group>";
		};
		2ADFFC611CAAB663000C8C21 /* Excellent */ = {
			isa = PBXGroup;
			children = (
				2A53074E1CAABABA00B63205 /* Macro */,
				2A2DBAFA1E642873008C78AF /* Utils */,
				2ACF2CDC1E9CBC3000636A14 /* ADT */,
				2A2DBAE71E642713008C78AF /* Categories */,
				2A2DBAE31E6426C8008C78AF /* Notification */,
				2A63FAD41E49773600DA75D3 /* AVFoundation */,
				2A3E314F1E8CB2CE006BE219 /* UIKit */,
				0BC32D821E93F2E000963484 /* Algorithm */,
				0B3261B21EFE58950008D0A4 /* Bnade */,
				2ADFFC651CAAB663000C8C21 /* AppDelegate.h */,
				2ADFFC661CAAB663000C8C21 /* AppDelegate.m */,
				2A3E31531E8CB364006BE219 /* EXBaseViewController.h */,
				2A3E31541E8CB364006BE219 /* EXBaseViewController.m */,
				2ADFFC681CAAB663000C8C21 /* ViewController.h */,
				2ADFFC691CAAB663000C8C21 /* ViewController.m */,
				2ADFFC6B1CAAB663000C8C21 /* Main.storyboard */,
				2ADFFC701CAAB663000C8C21 /* LaunchScreen.storyboard */,
				2ADFFC731CAAB663000C8C21 /* Info.plist */,
				2A7EE29E1CD8876D0028D67C /* Resources */,
				2ADFFC621CAAB663000C8C21 /* Supporting Files */,
			);
			path = Excellent;
			sourceTree = "<group>";
		};
		2ADFFC621CAAB663000C8C21 /* Supporting Files */ = {
			isa = PBXGroup;
			children = (
				B343AE0B1CB816F8000BF86F /* Excellent.pch */,
				2ADFFC631CAAB663000C8C21 /* main.m */,
			);
			name = "Supporting Files";
			sourceTree = "<group>";
		};
/* End PBXGroup section */

/* Begin PBXNativeTarget section */
		0B26749A1E968DFF00698715 /* ExcellentTests */ = {
			isa = PBXNativeTarget;
			buildConfigurationList = 0B2674A41E968DFF00698715 /* Build configuration list for PBXNativeTarget "ExcellentTests" */;
			buildPhases = (
				0B2674971E968DFF00698715 /* Sources */,
				0B2674981E968DFF00698715 /* Frameworks */,
				0B2674991E968DFF00698715 /* Resources */,
			);
			buildRules = (
			);
			dependencies = (
				0B2674A11E968DFF00698715 /* PBXTargetDependency */,
			);
			name = ExcellentTests;
			productName = ExcellentTests;
			productReference = 0B26749B1E968DFF00698715 /* ExcellentTests.xctest */;
			productType = "com.apple.product-type.bundle.unit-test";
		};
		2ADFFC5E1CAAB662000C8C21 /* Excellent */ = {
			isa = PBXNativeTarget;
			buildConfigurationList = 2ADFFC761CAAB663000C8C21 /* Build configuration list for PBXNativeTarget "Excellent" */;
			buildPhases = (
				2ADFFC5B1CAAB662000C8C21 /* Sources */,
				2ADFFC5C1CAAB662000C8C21 /* Frameworks */,
				2ADFFC5D1CAAB662000C8C21 /* Resources */,
				2ACF2CE91E9CE2EC00636A14 /* RevealServer */,
				0B280EBF1EFEB32A001590F7 /* Carthage */,
				0BBB1D0F1F07722C001669FD /* Embed Frameworks */,
			);
			buildRules = (
			);
			dependencies = (
			);
			name = Excellent;
			productName = Excellent;
			productReference = 2ADFFC5F1CAAB662000C8C21 /* Excellent.app */;
			productType = "com.apple.product-type.application";
		};
/* End PBXNativeTarget section */

/* Begin PBXProject section */
		2ADFFC571CAAB662000C8C21 /* Project object */ = {
			isa = PBXProject;
			attributes = {
				LastUpgradeCheck = 0730;
				ORGANIZATIONNAME = "Li Jia";
				TargetAttributes = {
					0B26749A1E968DFF00698715 = {
						CreatedOnToolsVersion = 8.3;
						DevelopmentTeam = 3KAP4AA829;
						ProvisioningStyle = Automatic;
						TestTargetID = 2ADFFC5E1CAAB662000C8C21;
					};
					2ADFFC5E1CAAB662000C8C21 = {
						CreatedOnToolsVersion = 7.3;
						DevelopmentTeam = 8DHLQ2UE6S;
					};
				};
			};
			buildConfigurationList = 2ADFFC5A1CAAB662000C8C21 /* Build configuration list for PBXProject "Excellent" */;
			compatibilityVersion = "Xcode 3.2";
			developmentRegion = English;
			hasScannedForEncodings = 0;
			knownRegions = (
				en,
				Base,
			);
			mainGroup = 2ADFFC561CAAB662000C8C21;
			productRefGroup = 2ADFFC601CAAB662000C8C21 /* Products */;
			projectDirPath = "";
			projectRoot = "";
			targets = (
				2ADFFC5E1CAAB662000C8C21 /* Excellent */,
				0B26749A1E968DFF00698715 /* ExcellentTests */,
			);
		};
/* End PBXProject section */

/* Begin PBXResourcesBuildPhase section */
		0B2674991E968DFF00698715 /* Resources */ = {
			isa = PBXResourcesBuildPhase;
			buildActionMask = 2147483647;
			files = (
			);
			runOnlyForDeploymentPostprocessing = 0;
		};
		2ADFFC5D1CAAB662000C8C21 /* Resources */ = {
			isa = PBXResourcesBuildPhase;
			buildActionMask = 2147483647;
			files = (
				2A7EE2A11CD887920028D67C /* ExcellentUI.bundle in Resources */,
				2A2DBAA71E641334008C78AF /* AudioRecorderMemo.storyboard in Resources */,
				2ADFFC721CAAB663000C8C21 /* LaunchScreen.storyboard in Resources */,
				2A2DBAE21E642659008C78AF /* THOverlayView.xib in Resources */,
				2A3E31611E8CBBCE006BE219 /* Assets.xcassets in Resources */,
				0B99A9A71EE31B860018564D /* red_packet_top.png in Resources */,
				2A3E315C1E8CB4F6006BE219 /* EXUIKitMaster.storyboard in Resources */,
				2A3E31BA1E924956006BE219 /* hubblecast.m4v in Resources */,
				2A2DBAF81E642758008C78AF /* THSubtitleView.xib in Resources */,
				2A63FAD31E496D3C00DA75D3 /* music.mp3 in Resources */,
				2AAB463C1E28D0580072D903 /* Ray.png in Resources */,
				2ADFFC6D1CAAB663000C8C21 /* Main.storyboard in Resources */,
			);
			runOnlyForDeploymentPostprocessing = 0;
		};
/* End PBXResourcesBuildPhase section */

/* Begin PBXShellScriptBuildPhase section */
		0B280EBF1EFEB32A001590F7 /* Carthage */ = {
			isa = PBXShellScriptBuildPhase;
			buildActionMask = 2147483647;
			files = (
			);
			inputPaths = (
				"$(SRCROOT)/Carthage/Build/iOS/Alamofire.framework",
				"$(SRCROOT)/Carthage/Build/iOS/AlamofireSwiftyJSON.framework",
				"$(SRCROOT)/Carthage/Build/iOS/SwiftyJSON.framework",
			);
			name = Carthage;
			outputPaths = (
				"$(DERIVED_FILE_DIR)/$(FRAMEWORKS_FOLDER_PATH)/Alamofire.framework",
				"$(DERIVED_FILE_DIR)/$(FRAMEWORKS_FOLDER_PATH)/AlamofireSwiftyJSON.framework",
				"$(DERIVED_FILE_DIR)/$(FRAMEWORKS_FOLDER_PATH)/SwiftyJSON.framework",
			);
			runOnlyForDeploymentPostprocessing = 0;
			shellPath = /bin/sh;
			shellScript = "/usr/local/bin/carthage copy-frameworks";
		};
		2ACF2CE91E9CE2EC00636A14 /* RevealServer */ = {
			isa = PBXShellScriptBuildPhase;
			buildActionMask = 2147483647;
			files = (
			);
			inputPaths = (
			);
			name = RevealServer;
			outputPaths = (
			);
			runOnlyForDeploymentPostprocessing = 0;
			shellPath = /bin/sh;
			shellScript = "export REVEAL_SERVER_FILENAME=\"RevealServer.framework\"\n\n# Update this path to point to the location of RevealServer.framework in your project.\nexport REVEAL_SERVER_PATH=\"${SRCROOT}/${REVEAL_SERVER_FILENAME}\"\n\n# If configuration is not Debug, skip this script.\n[ \"${CONFIGURATION}\" != \"Debug\" ] && exit 0\n\n# If RevealServer.framework exists at the specified path, run code signing script.\nif [ -d \"${REVEAL_SERVER_PATH}\" ]; then\n\"${REVEAL_SERVER_PATH}/Scripts/copy_and_codesign_revealserver.sh\"\nelse\necho \"Cannot find RevealServer.framework, so Reveal Server will not be started for your app.\"\nfi";
		};
/* End PBXShellScriptBuildPhase section */

/* Begin PBXSourcesBuildPhase section */
		0B2674971E968DFF00698715 /* Sources */ = {
			isa = PBXSourcesBuildPhase;
			buildActionMask = 2147483647;
			files = (
				0B26749E1E968DFF00698715 /* EXSearchTests.m in Sources */,
				2AAAA11D1EC023C8001C6A84 /* EXSortedTests.m in Sources */,
				2ACF2CDB1E9CBBE300636A14 /* CollectionTests.m in Sources */,
			);
			runOnlyForDeploymentPostprocessing = 0;
		};
		2ADFFC5B1CAAB662000C8C21 /* Sources */ = {
			isa = PBXSourcesBuildPhase;
			buildActionMask = 2147483647;
			files = (
				2A2DBAA91E641334008C78AF /* EXAudioRecorderMemoViewController.m in Sources */,
				2ACF2CE31E9CBC3000636A14 /* EXNode.m in Sources */,
				2A2DBAF01E642713008C78AF /* AVAsset+THAdditions.m in Sources */,
				2A2DBABD1E641356008C78AF /* THLevelMeterColorThreshold.m in Sources */,
				2ADFFC6A1CAAB663000C8C21 /* ViewController.m in Sources */,
				2AC982CF1E979C8400AF2342 /* NSArray+Additions.m in Sources */,
				0B3261BB1EFE787F0008D0A4 /* BNItemSummaryInfo.m in Sources */,
				0B99A9A21EE312BB0018564D /* EXRuntime.m in Sources */,
				2ACF2CE41E9CBC3000636A14 /* EXQueue.m in Sources */,
				2A2DBAE11E642659008C78AF /* THOverlayView.m in Sources */,
				2A2DBAF21E642713008C78AF /* UIAlertView+THAdditions.m in Sources */,
				2A2DBAC01E641356008C78AF /* THMemo.m in Sources */,
				2ADFFC671CAAB663000C8C21 /* AppDelegate.m in Sources */,
				2A4497A51F0DD328000F94BA /* EXCornerRadiusView.m in Sources */,
				2A2DBAD01E6425B6008C78AF /* THThumbnail.m in Sources */,
				2A2DBAE01E642659008C78AF /* THFilmstripView.m in Sources */,
				2A2DBABF1E641356008C78AF /* THLevelPair.m in Sources */,
				2A2DBAA81E641334008C78AF /* AVToy.m in Sources */,
				2A3E31551E8CB364006BE219 /* EXBaseViewController.m in Sources */,
				2A2DBAFF1E642873008C78AF /* EXFileUtils.m in Sources */,
				2A2DBAD61E64260F008C78AF /* EXRecorderController.m in Sources */,
				2AAAA1261EC04610001C6A84 /* EXSortedBaseController.m in Sources */,
				0B3261B51EFE58FA0008D0A4 /* BNItemInfo.m in Sources */,
				2A2DBB001E642873008C78AF /* EXUtil.m in Sources */,
				2A2DBABE1E641356008C78AF /* THLevelMeterView.m in Sources */,
				2ADFFC641CAAB663000C8C21 /* main.m in Sources */,
				2A2DBAF31E642713008C78AF /* UIView+THAdditions.m in Sources */,
				2ACF2CE51E9CBC3000636A14 /* EXStack.m in Sources */,
				0BA68DA51EDDCA620024EBDB /* EXCheckmarkGestureRecognizer.m in Sources */,
				2A2DBAC11E641356008C78AF /* THMemoCell.m in Sources */,
				2A2DBAE61E6426C8008C78AF /* THNotifications.m in Sources */,
				2A2DBAF91E642758008C78AF /* THSubtitleViewController.m in Sources */,
				0B3261B81EFE5A4F0008D0A4 /* BNUtils.m in Sources */,
				0BDEBF8A1EBF73D4007FB3EF /* EXSortedController.mm in Sources */,
				2A2DBB061E6430D4008C78AF /* EXVideoPlayerViewController.m in Sources */,
				2A2DBADF1E642659008C78AF /* EXPlayerView.m in Sources */,
				0BC32D851E93F2F200963484 /* EXAlgorithmViewController.m in Sources */,
				2AAAA11B1EC01BED001C6A84 /* EXSearchController.m in Sources */,
				2ACF2CE81E9CDDD900636A14 /* EXDeque.m in Sources */,
				2A3E31591E8CB497006BE219 /* EXUIKitViewController.m in Sources */,
				2A2DBAC21E641356008C78AF /* THMeterTable.m in Sources */,
				2A2DBB031E642B22008C78AF /* THPlayerController.m in Sources */,
				2A2DBAF11E642713008C78AF /* NSTimer+Additions.m in Sources */,
			);
			runOnlyForDeploymentPostprocessing = 0;
		};
/* End PBXSourcesBuildPhase section */

/* Begin PBXTargetDependency section */
		0B2674A11E968DFF00698715 /* PBXTargetDependency */ = {
			isa = PBXTargetDependency;
			target = 2ADFFC5E1CAAB662000C8C21 /* Excellent */;
			targetProxy = 0B2674A01E968DFF00698715 /* PBXContainerItemProxy */;
		};
/* End PBXTargetDependency section */

/* Begin PBXVariantGroup section */
		2ADFFC6B1CAAB663000C8C21 /* Main.storyboard */ = {
			isa = PBXVariantGroup;
			children = (
				2ADFFC6C1CAAB663000C8C21 /* Base */,
				2AAB46DB1E2E33C20072D903 /* zh-Hans */,
			);
			name = Main.storyboard;
			sourceTree = "<group>";
		};
		2ADFFC701CAAB663000C8C21 /* LaunchScreen.storyboard */ = {
			isa = PBXVariantGroup;
			children = (
				2ADFFC711CAAB663000C8C21 /* Base */,
				2AAB46DC1E2E33C20072D903 /* zh-Hans */,
			);
			name = LaunchScreen.storyboard;
			sourceTree = "<group>";
		};
/* End PBXVariantGroup section */

/* Begin XCBuildConfiguration section */
		0B2674A21E968DFF00698715 /* Debug */ = {
			isa = XCBuildConfiguration;
			buildSettings = {
				BUNDLE_LOADER = "$(TEST_HOST)";
				CLANG_ANALYZER_NUMBER_OBJECT_CONVERSION = YES_AGGRESSIVE;
				CLANG_WARN_DOCUMENTATION_COMMENTS = YES;
				CLANG_WARN_INFINITE_RECURSION = YES;
				CLANG_WARN_SUSPICIOUS_MOVE = YES;
				DEVELOPMENT_TEAM = 3KAP4AA829;
				INFOPLIST_FILE = ExcellentTests/Info.plist;
				IPHONEOS_DEPLOYMENT_TARGET = 10.3;
				LD_RUNPATH_SEARCH_PATHS = "$(inherited) @executable_path/Frameworks @loader_path/Frameworks";
				PRODUCT_BUNDLE_IDENTIFIER = com.yingxiang.ExcellentTests;
				PRODUCT_NAME = "$(TARGET_NAME)";
				TEST_HOST = "$(BUILT_PRODUCTS_DIR)/Excellent.app/Excellent";
			};
			name = Debug;
		};
		0B2674A31E968DFF00698715 /* Release */ = {
			isa = XCBuildConfiguration;
			buildSettings = {
				BUNDLE_LOADER = "$(TEST_HOST)";
				CLANG_ANALYZER_NUMBER_OBJECT_CONVERSION = YES_AGGRESSIVE;
				CLANG_WARN_DOCUMENTATION_COMMENTS = YES;
				CLANG_WARN_INFINITE_RECURSION = YES;
				CLANG_WARN_SUSPICIOUS_MOVE = YES;
				DEVELOPMENT_TEAM = 3KAP4AA829;
				INFOPLIST_FILE = ExcellentTests/Info.plist;
				IPHONEOS_DEPLOYMENT_TARGET = 10.3;
				LD_RUNPATH_SEARCH_PATHS = "$(inherited) @executable_path/Frameworks @loader_path/Frameworks";
				PRODUCT_BUNDLE_IDENTIFIER = com.yingxiang.ExcellentTests;
				PRODUCT_NAME = "$(TARGET_NAME)";
				TEST_HOST = "$(BUILT_PRODUCTS_DIR)/Excellent.app/Excellent";
			};
			name = Release;
		};
		2ADFFC741CAAB663000C8C21 /* Debug */ = {
			isa = XCBuildConfiguration;
			buildSettings = {
				ALWAYS_SEARCH_USER_PATHS = NO;
				CLANG_ANALYZER_LOCALIZABILITY_NONLOCALIZED = YES;
				CLANG_ANALYZER_NONNULL = YES;
				CLANG_CXX_LANGUAGE_STANDARD = "gnu++0x";
				CLANG_CXX_LIBRARY = "libc++";
				CLANG_ENABLE_MODULES = YES;
				CLANG_ENABLE_OBJC_ARC = YES;
				CLANG_WARN_BOOL_CONVERSION = YES;
				CLANG_WARN_CONSTANT_CONVERSION = YES;
				CLANG_WARN_DIRECT_OBJC_ISA_USAGE = YES_ERROR;
				CLANG_WARN_EMPTY_BODY = YES;
				CLANG_WARN_ENUM_CONVERSION = YES;
				CLANG_WARN_INT_CONVERSION = YES;
				CLANG_WARN_OBJC_ROOT_CLASS = YES_ERROR;
				CLANG_WARN_UNREACHABLE_CODE = YES;
				CLANG_WARN__DUPLICATE_METHOD_MATCH = YES;
				"CODE_SIGN_IDENTITY[sdk=iphoneos*]" = "iPhone Developer";
				COPY_PHASE_STRIP = NO;
				DEBUG_INFORMATION_FORMAT = dwarf;
				ENABLE_STRICT_OBJC_MSGSEND = YES;
				ENABLE_TESTABILITY = YES;
				GCC_C_LANGUAGE_STANDARD = gnu99;
				GCC_DYNAMIC_NO_PIC = NO;
				GCC_NO_COMMON_BLOCKS = YES;
				GCC_OPTIMIZATION_LEVEL = 0;
				GCC_PREPROCESSOR_DEFINITIONS = (
					"DEBUG=1",
					"$(inherited)",
				);
				GCC_WARN_64_TO_32_BIT_CONVERSION = YES;
				GCC_WARN_ABOUT_RETURN_TYPE = YES_ERROR;
				GCC_WARN_UNDECLARED_SELECTOR = YES;
				GCC_WARN_UNINITIALIZED_AUTOS = YES_AGGRESSIVE;
				GCC_WARN_UNUSED_FUNCTION = YES;
				GCC_WARN_UNUSED_VARIABLE = YES;
				IPHONEOS_DEPLOYMENT_TARGET = 9.0;
				MTL_ENABLE_DEBUG_INFO = YES;
				ONLY_ACTIVE_ARCH = YES;
				SDKROOT = iphoneos;
				TARGETED_DEVICE_FAMILY = "1,2";
			};
			name = Debug;
		};
		2ADFFC751CAAB663000C8C21 /* Release */ = {
			isa = XCBuildConfiguration;
			buildSettings = {
				ALWAYS_SEARCH_USER_PATHS = NO;
				CLANG_ANALYZER_LOCALIZABILITY_NONLOCALIZED = YES;
				CLANG_ANALYZER_NONNULL = YES;
				CLANG_CXX_LANGUAGE_STANDARD = "gnu++0x";
				CLANG_CXX_LIBRARY = "libc++";
				CLANG_ENABLE_MODULES = YES;
				CLANG_ENABLE_OBJC_ARC = YES;
				CLANG_WARN_BOOL_CONVERSION = YES;
				CLANG_WARN_CONSTANT_CONVERSION = YES;
				CLANG_WARN_DIRECT_OBJC_ISA_USAGE = YES_ERROR;
				CLANG_WARN_EMPTY_BODY = YES;
				CLANG_WARN_ENUM_CONVERSION = YES;
				CLANG_WARN_INT_CONVERSION = YES;
				CLANG_WARN_OBJC_ROOT_CLASS = YES_ERROR;
				CLANG_WARN_UNREACHABLE_CODE = YES;
				CLANG_WARN__DUPLICATE_METHOD_MATCH = YES;
				"CODE_SIGN_IDENTITY[sdk=iphoneos*]" = "iPhone Developer";
				COPY_PHASE_STRIP = NO;
				DEBUG_INFORMATION_FORMAT = "dwarf-with-dsym";
				ENABLE_NS_ASSERTIONS = NO;
				ENABLE_STRICT_OBJC_MSGSEND = YES;
				GCC_C_LANGUAGE_STANDARD = gnu99;
				GCC_NO_COMMON_BLOCKS = YES;
				GCC_WARN_64_TO_32_BIT_CONVERSION = YES;
				GCC_WARN_ABOUT_RETURN_TYPE = YES_ERROR;
				GCC_WARN_UNDECLARED_SELECTOR = YES;
				GCC_WARN_UNINITIALIZED_AUTOS = YES_AGGRESSIVE;
				GCC_WARN_UNUSED_FUNCTION = YES;
				GCC_WARN_UNUSED_VARIABLE = YES;
				IPHONEOS_DEPLOYMENT_TARGET = 9.0;
				MTL_ENABLE_DEBUG_INFO = NO;
				SDKROOT = iphoneos;
				TARGETED_DEVICE_FAMILY = "1,2";
				VALIDATE_PRODUCT = YES;
			};
			name = Release;
		};
		2ADFFC771CAAB663000C8C21 /* Debug */ = {
			isa = XCBuildConfiguration;
			buildSettings = {
				ALWAYS_EMBED_SWIFT_STANDARD_LIBRARIES = YES;
				ASSETCATALOG_COMPILER_APPICON_NAME = AppIcon;
				DEVELOPMENT_TEAM = 8DHLQ2UE6S;
				ENABLE_BITCODE = NO;
				FRAMEWORK_SEARCH_PATHS = (
					"$(inherited)",
					"$(SRCROOT)",
					"$(PROJECT_DIR)/Frameworks",
					"$(SRCROOT)/Carthage/Build/iOS",
					"$(PROJECT_DIR)/Carthage/Build/iOS",
				);
				GCC_PRECOMPILE_PREFIX_HEADER = YES;
				GCC_PREFIX_HEADER = Excellent/Excellent.pch;
				INFOPLIST_FILE = Excellent/Info.plist;
				IPHONEOS_DEPLOYMENT_TARGET = 9.0;
				LD_RUNPATH_SEARCH_PATHS = "$(inherited) @executable_path/Frameworks";
				OTHER_LDFLAGS = (
					"-ObjC",
					"-weak_framework",
					RevealServer,
				);
				PRODUCT_BUNDLE_IDENTIFIER = com.living.Excellent;
				PRODUCT_NAME = "$(TARGET_NAME)";
			};
			name = Debug;
		};
		2ADFFC781CAAB663000C8C21 /* Release */ = {
			isa = XCBuildConfiguration;
			buildSettings = {
				ALWAYS_EMBED_SWIFT_STANDARD_LIBRARIES = YES;
				ASSETCATALOG_COMPILER_APPICON_NAME = AppIcon;
				DEVELOPMENT_TEAM = 8DHLQ2UE6S;
				ENABLE_BITCODE = NO;
				FRAMEWORK_SEARCH_PATHS = (
					"$(inherited)",
					"$(SRCROOT)",
					"$(PROJECT_DIR)/Frameworks",
					"$(SRCROOT)/Carthage/Build/iOS",
					"$(PROJECT_DIR)/Carthage/Build/iOS",
				);
				GCC_PRECOMPILE_PREFIX_HEADER = YES;
				GCC_PREFIX_HEADER = Excellent/Excellent.pch;
				INFOPLIST_FILE = Excellent/Info.plist;
				IPHONEOS_DEPLOYMENT_TARGET = 9.0;
				LD_RUNPATH_SEARCH_PATHS = "$(inherited) @executable_path/Frameworks";
				PRODUCT_BUNDLE_IDENTIFIER = com.living.Excellent;
				PRODUCT_NAME = "$(TARGET_NAME)";
			};
			name = Release;
		};
/* End XCBuildConfiguration section */

/* Begin XCConfigurationList section */
		0B2674A41E968DFF00698715 /* Build configuration list for PBXNativeTarget "ExcellentTests" */ = {
			isa = XCConfigurationList;
			buildConfigurations = (
				0B2674A21E968DFF00698715 /* Debug */,
				0B2674A31E968DFF00698715 /* Release */,
			);
			defaultConfigurationIsVisible = 0;
			defaultConfigurationName = Release;
		};
		2ADFFC5A1CAAB662000C8C21 /* Build configuration list for PBXProject "Excellent" */ = {
			isa = XCConfigurationList;
			buildConfigurations = (
				2ADFFC741CAAB663000C8C21 /* Debug */,
				2ADFFC751CAAB663000C8C21 /* Release */,
			);
			defaultConfigurationIsVisible = 0;
			defaultConfigurationName = Release;
		};
		2ADFFC761CAAB663000C8C21 /* Build configuration list for PBXNativeTarget "Excellent" */ = {
			isa = XCConfigurationList;
			buildConfigurations = (
				2ADFFC771CAAB663000C8C21 /* Debug */,
				2ADFFC781CAAB663000C8C21 /* Release */,
			);
			defaultConfigurationIsVisible = 0;
			defaultConfigurationName = Release;
		};
/* End XCConfigurationList section */
	};
	rootObject = 2ADFFC571CAAB662000C8C21 /* Project object */;
}
